
Microsoft Visual Studio Solution File, Format Version 12.00
Project("{FAE04EC0-301F-11D3-BF4B-00C04F79EFBC}") = "PalindromeNumberTask", "PalindromeNumberTask\PalindromeNumberTask.csproj", "{78CDFC57-CFFA-42A0-9441-1C6D0144B822}"
EndProject
Project("{FAE04EC0-301F-11D3-BF4B-00C04F79EFBC}") = "PalindromeTask.Tests", "PalindromeTask.Tests\PalindromeTask.Tests.csproj", "{3B96A73D-38D2-4BB2-BDE7-EA21472CF306}"
EndProject
Global
	GlobalSection(SolutionConfigurationPlatforms) = preSolution
		Debug|Any CPU = Debug|Any CPU
		Release|Any CPU = Release|Any CPU
	EndGlobalSection
	GlobalSection(ProjectConfigurationPlatforms) = postSolution
		{78CDFC57-CFFA-42A0-9441-1C6D0144B822}.Debug|Any CPU.ActiveCfg = Debug|Any CPU
		{78CDFC57-CFFA-42A0-9441-1C6D0144B822}.Debug|Any CPU.Build.0 = Debug|Any CPU
		{78CDFC57-CFFA-42A0-9441-1C6D0144B822}.Release|Any CPU.ActiveCfg = Release|Any CPU
		{78CDFC57-CFFA-42A0-9441-1C6D0144B822}.Release|Any CPU.Build.0 = Release|Any CPU
		{3B96A73D-38D2-4BB2-BDE7-EA21472CF306}.Debug|Any CPU.ActiveCfg = Debug|Any CPU
		{3B96A73D-38D2-4BB2-BDE7-EA21472CF306}.Debug|Any CPU.Build.0 = Debug|Any CPU
		{3B96A73D-38D2-4BB2-BDE7-EA21472CF306}.Release|Any CPU.ActiveCfg = Release|Any CPU
		{3B96A73D-38D2-4BB2-BDE7-EA21472CF306}.Release|Any CPU.Build.0 = Release|Any CPU
	EndGlobalSection
EndGlobal
